// !$*UTF8*$!
{
	archiveVersion = 1;
	classes = {
	};
	objectVersion = 51;
	objects = {

/* Begin PBXBuildFile section */
		1EA7DE2090EA1ABC4ED8BD3E /* Pods_DemoGCD_DemoGCDUITests.framework in Frameworks */ = {isa = PBXBuildFile; fileRef = 6F1183CB6709B0EE0DB72169 /* Pods_DemoGCD_DemoGCDUITests.framework */; };
		4884562D2DF098A0E0FD5508 /* Pods_DemoGCD.framework in Frameworks */ = {isa = PBXBuildFile; fileRef = 198C84E37CA75583B9E34716 /* Pods_DemoGCD.framework */; };
		D72D08D924DA3D0C0031D256 /* AppDelegate.swift in Sources */ = {isa = PBXBuildFile; fileRef = D72D08D824DA3D0C0031D256 /* AppDelegate.swift */; };
		D72D08DB24DA3D0C0031D256 /* SceneDelegate.swift in Sources */ = {isa = PBXBuildFile; fileRef = D72D08DA24DA3D0C0031D256 /* SceneDelegate.swift */; };
		D72D08DD24DA3D0C0031D256 /* ViewController.swift in Sources */ = {isa = PBXBuildFile; fileRef = D72D08DC24DA3D0C0031D256 /* ViewController.swift */; };
		D72D08E024DA3D0C0031D256 /* Main.storyboard in Resources */ = {isa = PBXBuildFile; fileRef = D72D08DE24DA3D0C0031D256 /* Main.storyboard */; };
		D72D08E224DA3D0F0031D256 /* Assets.xcassets in Resources */ = {isa = PBXBuildFile; fileRef = D72D08E124DA3D0F0031D256 /* Assets.xcassets */; };
		D72D08E524DA3D0F0031D256 /* LaunchScreen.storyboard in Resources */ = {isa = PBXBuildFile; fileRef = D72D08E324DA3D0F0031D256 /* LaunchScreen.storyboard */; };
		D72D08F024DA3D0F0031D256 /* DemoGCDTests.swift in Sources */ = {isa = PBXBuildFile; fileRef = D72D08EF24DA3D0F0031D256 /* DemoGCDTests.swift */; };
		D72D08FB24DA3D0F0031D256 /* DemoGCDUITests.swift in Sources */ = {isa = PBXBuildFile; fileRef = D72D08FA24DA3D0F0031D256 /* DemoGCDUITests.swift */; };
		D72D090924DA3F640031D256 /* Astar.swift in Sources */ = {isa = PBXBuildFile; fileRef = D72D090824DA3F640031D256 /* Astar.swift */; };
		D72D090B24DA3FA60031D256 /* PriorityQueue.swift in Sources */ = {isa = PBXBuildFile; fileRef = D72D090A24DA3FA60031D256 /* PriorityQueue.swift */; };
		D72D090D24DA4D380031D256 /* DownloadQueue.swift in Sources */ = {isa = PBXBuildFile; fileRef = D72D090C24DA4D380031D256 /* DownloadQueue.swift */; };
		D74AC3D024DCED8700978948 /* DownloadManager.swift in Sources */ = {isa = PBXBuildFile; fileRef = D74AC3CF24DCED8700978948 /* DownloadManager.swift */; };
		D74AC3D224DCF33600978948 /* Item.swift in Sources */ = {isa = PBXBuildFile; fileRef = D74AC3D124DCF33600978948 /* Item.swift */; };
		D74AC3D424DD4D8400978948 /* DispatchWorkItem+Extension.swift in Sources */ = {isa = PBXBuildFile; fileRef = D74AC3D324DD4D8400978948 /* DispatchWorkItem+Extension.swift */; };
		D7B141DD24E0D4F10012D5DC /* Headers.swift in Sources */ = {isa = PBXBuildFile; fileRef = D7B141DA24E0D4F10012D5DC /* Headers.swift */; };
		D7B141DE24E0D4F10012D5DC /* MusicResponse.swift in Sources */ = {isa = PBXBuildFile; fileRef = D7B141DB24E0D4F10012D5DC /* MusicResponse.swift */; };
		D7B141DF24E0D4F10012D5DC /* Music.swift in Sources */ = {isa = PBXBuildFile; fileRef = D7B141DC24E0D4F10012D5DC /* Music.swift */; };
		D7B141E224E0EF7F0012D5DC /* MusicCell.swift in Sources */ = {isa = PBXBuildFile; fileRef = D7B141E124E0EF7F0012D5DC /* MusicCell.swift */; };
		D7B141E424E0F01C0012D5DC /* MusicViewModel.swift in Sources */ = {isa = PBXBuildFile; fileRef = D7B141E324E0F01C0012D5DC /* MusicViewModel.swift */; };
		D7B141E824E10A3D0012D5DC /* Extension+FileManager.swift in Sources */ = {isa = PBXBuildFile; fileRef = D7B141E724E10A3D0012D5DC /* Extension+FileManager.swift */; };
		E7BE650BD76C6090846215CE /* Pods_DemoGCD_DemoGCDTests.framework in Frameworks */ = {isa = PBXBuildFile; fileRef = 089B7FE2569DFD696349335A /* Pods_DemoGCD_DemoGCDTests.framework */; };
/* End PBXBuildFile section */

/* Begin PBXContainerItemProxy section */
		D72D08EC24DA3D0F0031D256 /* PBXContainerItemProxy */ = {
			isa = PBXContainerItemProxy;
			containerPortal = D72D08CD24DA3D0C0031D256 /* Project object */;
			proxyType = 1;
			remoteGlobalIDString = D72D08D424DA3D0C0031D256;
			remoteInfo = DemoGCD;
		};
		D72D08F724DA3D0F0031D256 /* PBXContainerItemProxy */ = {
			isa = PBXContainerItemProxy;
			containerPortal = D72D08CD24DA3D0C0031D256 /* Project object */;
			proxyType = 1;
			remoteGlobalIDString = D72D08D424DA3D0C0031D256;
			remoteInfo = DemoGCD;
		};
/* End PBXContainerItemProxy section */

/* Begin PBXFileReference section */
		00C57F27DB00385E95E29961 /* Pods-DemoGCD-DemoGCDUITests.debug.xcconfig */ = {isa = PBXFileReference; includeInIndex = 1; lastKnownFileType = text.xcconfig; name = "Pods-DemoGCD-DemoGCDUITests.debug.xcconfig"; path = "Target Support Files/Pods-DemoGCD-DemoGCDUITests/Pods-DemoGCD-DemoGCDUITests.debug.xcconfig"; sourceTree = "<group>"; };
		089B7FE2569DFD696349335A /* Pods_DemoGCD_DemoGCDTests.framework */ = {isa = PBXFileReference; explicitFileType = wrapper.framework; includeInIndex = 0; path = Pods_DemoGCD_DemoGCDTests.framework; sourceTree = BUILT_PRODUCTS_DIR; };
		198C84E37CA75583B9E34716 /* Pods_DemoGCD.framework */ = {isa = PBXFileReference; explicitFileType = wrapper.framework; includeInIndex = 0; path = Pods_DemoGCD.framework; sourceTree = BUILT_PRODUCTS_DIR; };
		19B953C4AA4E366A84254263 /* Pods-DemoGCD.debug.xcconfig */ = {isa = PBXFileReference; includeInIndex = 1; lastKnownFileType = text.xcconfig; name = "Pods-DemoGCD.debug.xcconfig"; path = "Target Support Files/Pods-DemoGCD/Pods-DemoGCD.debug.xcconfig"; sourceTree = "<group>"; };
		6969F96E4AAFD8331011F96A /* Pods-DemoGCD-DemoGCDTests.release.xcconfig */ = {isa = PBXFileReference; includeInIndex = 1; lastKnownFileType = text.xcconfig; name = "Pods-DemoGCD-DemoGCDTests.release.xcconfig"; path = "Target Support Files/Pods-DemoGCD-DemoGCDTests/Pods-DemoGCD-DemoGCDTests.release.xcconfig"; sourceTree = "<group>"; };
		6F1183CB6709B0EE0DB72169 /* Pods_DemoGCD_DemoGCDUITests.framework */ = {isa = PBXFileReference; explicitFileType = wrapper.framework; includeInIndex = 0; path = Pods_DemoGCD_DemoGCDUITests.framework; sourceTree = BUILT_PRODUCTS_DIR; };
		AE27D081BC2F8D135B232851 /* Pods-DemoGCD-DemoGCDTests.debug.xcconfig */ = {isa = PBXFileReference; includeInIndex = 1; lastKnownFileType = text.xcconfig; name = "Pods-DemoGCD-DemoGCDTests.debug.xcconfig"; path = "Target Support Files/Pods-DemoGCD-DemoGCDTests/Pods-DemoGCD-DemoGCDTests.debug.xcconfig"; sourceTree = "<group>"; };
		D72D08D524DA3D0C0031D256 /* DemoGCD.app */ = {isa = PBXFileReference; explicitFileType = wrapper.application; includeInIndex = 0; path = DemoGCD.app; sourceTree = BUILT_PRODUCTS_DIR; };
		D72D08D824DA3D0C0031D256 /* AppDelegate.swift */ = {isa = PBXFileReference; lastKnownFileType = sourcecode.swift; path = AppDelegate.swift; sourceTree = "<group>"; };
		D72D08DA24DA3D0C0031D256 /* SceneDelegate.swift */ = {isa = PBXFileReference; lastKnownFileType = sourcecode.swift; path = SceneDelegate.swift; sourceTree = "<group>"; };
		D72D08DC24DA3D0C0031D256 /* ViewController.swift */ = {isa = PBXFileReference; lastKnownFileType = sourcecode.swift; path = ViewController.swift; sourceTree = "<group>"; };
		D72D08DF24DA3D0C0031D256 /* Base */ = {isa = PBXFileReference; lastKnownFileType = file.storyboard; name = Base; path = Base.lproj/Main.storyboard; sourceTree = "<group>"; };
		D72D08E124DA3D0F0031D256 /* Assets.xcassets */ = {isa = PBXFileReference; lastKnownFileType = folder.assetcatalog; path = Assets.xcassets; sourceTree = "<group>"; };
		D72D08E424DA3D0F0031D256 /* Base */ = {isa = PBXFileReference; lastKnownFileType = file.storyboard; name = Base; path = Base.lproj/LaunchScreen.storyboard; sourceTree = "<group>"; };
		D72D08E624DA3D0F0031D256 /* Info.plist */ = {isa = PBXFileReference; lastKnownFileType = text.plist.xml; path = Info.plist; sourceTree = "<group>"; };
		D72D08EB24DA3D0F0031D256 /* DemoGCDTests.xctest */ = {isa = PBXFileReference; explicitFileType = wrapper.cfbundle; includeInIndex = 0; path = DemoGCDTests.xctest; sourceTree = BUILT_PRODUCTS_DIR; };
		D72D08EF24DA3D0F0031D256 /* DemoGCDTests.swift */ = {isa = PBXFileReference; lastKnownFileType = sourcecode.swift; path = DemoGCDTests.swift; sourceTree = "<group>"; };
		D72D08F124DA3D0F0031D256 /* Info.plist */ = {isa = PBXFileReference; lastKnownFileType = text.plist.xml; path = Info.plist; sourceTree = "<group>"; };
		D72D08F624DA3D0F0031D256 /* DemoGCDUITests.xctest */ = {isa = PBXFileReference; explicitFileType = wrapper.cfbundle; includeInIndex = 0; path = DemoGCDUITests.xctest; sourceTree = BUILT_PRODUCTS_DIR; };
		D72D08FA24DA3D0F0031D256 /* DemoGCDUITests.swift */ = {isa = PBXFileReference; lastKnownFileType = sourcecode.swift; path = DemoGCDUITests.swift; sourceTree = "<group>"; };
		D72D08FC24DA3D0F0031D256 /* Info.plist */ = {isa = PBXFileReference; lastKnownFileType = text.plist.xml; path = Info.plist; sourceTree = "<group>"; };
		D72D090824DA3F640031D256 /* Astar.swift */ = {isa = PBXFileReference; lastKnownFileType = sourcecode.swift; path = Astar.swift; sourceTree = "<group>"; };
		D72D090A24DA3FA60031D256 /* PriorityQueue.swift */ = {isa = PBXFileReference; lastKnownFileType = sourcecode.swift; path = PriorityQueue.swift; sourceTree = "<group>"; };
		D72D090C24DA4D380031D256 /* DownloadQueue.swift */ = {isa = PBXFileReference; lastKnownFileType = sourcecode.swift; path = DownloadQueue.swift; sourceTree = "<group>"; };
		D74AC3CF24DCED8700978948 /* DownloadManager.swift */ = {isa = PBXFileReference; lastKnownFileType = sourcecode.swift; path = DownloadManager.swift; sourceTree = "<group>"; };
		D74AC3D124DCF33600978948 /* Item.swift */ = {isa = PBXFileReference; lastKnownFileType = sourcecode.swift; path = Item.swift; sourceTree = "<group>"; };
		D74AC3D324DD4D8400978948 /* DispatchWorkItem+Extension.swift */ = {isa = PBXFileReference; lastKnownFileType = sourcecode.swift; path = "DispatchWorkItem+Extension.swift"; sourceTree = "<group>"; };
		D7B141DA24E0D4F10012D5DC /* Headers.swift */ = {isa = PBXFileReference; fileEncoding = 4; lastKnownFileType = sourcecode.swift; path = Headers.swift; sourceTree = "<group>"; };
		D7B141DB24E0D4F10012D5DC /* MusicResponse.swift */ = {isa = PBXFileReference; fileEncoding = 4; lastKnownFileType = sourcecode.swift; path = MusicResponse.swift; sourceTree = "<group>"; };
		D7B141DC24E0D4F10012D5DC /* Music.swift */ = {isa = PBXFileReference; fileEncoding = 4; lastKnownFileType = sourcecode.swift; path = Music.swift; sourceTree = "<group>"; };
		D7B141E124E0EF7F0012D5DC /* MusicCell.swift */ = {isa = PBXFileReference; lastKnownFileType = sourcecode.swift; path = MusicCell.swift; sourceTree = "<group>"; };
		D7B141E324E0F01C0012D5DC /* MusicViewModel.swift */ = {isa = PBXFileReference; lastKnownFileType = sourcecode.swift; path = MusicViewModel.swift; sourceTree = "<group>"; };
		D7B141E724E10A3D0012D5DC /* Extension+FileManager.swift */ = {isa = PBXFileReference; lastKnownFileType = sourcecode.swift; path = "Extension+FileManager.swift"; sourceTree = "<group>"; };
		DA6B3B16AF778420C4AE8B3B /* Pods-DemoGCD.release.xcconfig */ = {isa = PBXFileReference; includeInIndex = 1; lastKnownFileType = text.xcconfig; name = "Pods-DemoGCD.release.xcconfig"; path = "Target Support Files/Pods-DemoGCD/Pods-DemoGCD.release.xcconfig"; sourceTree = "<group>"; };
		FD2922E844581756A481C453 /* Pods-DemoGCD-DemoGCDUITests.release.xcconfig */ = {isa = PBXFileReference; includeInIndex = 1; lastKnownFileType = text.xcconfig; name = "Pods-DemoGCD-DemoGCDUITests.release.xcconfig"; path = "Target Support Files/Pods-DemoGCD-DemoGCDUITests/Pods-DemoGCD-DemoGCDUITests.release.xcconfig"; sourceTree = "<group>"; };
/* End PBXFileReference section */

/* Begin PBXFrameworksBuildPhase section */
		D72D08D224DA3D0C0031D256 /* Frameworks */ = {
			isa = PBXFrameworksBuildPhase;
			buildActionMask = 2147483647;
			files = (
				4884562D2DF098A0E0FD5508 /* Pods_DemoGCD.framework in Frameworks */,
			);
			runOnlyForDeploymentPostprocessing = 0;
		};
		D72D08E824DA3D0F0031D256 /* Frameworks */ = {
			isa = PBXFrameworksBuildPhase;
			buildActionMask = 2147483647;
			files = (
				E7BE650BD76C6090846215CE /* Pods_DemoGCD_DemoGCDTests.framework in Frameworks */,
			);
			runOnlyForDeploymentPostprocessing = 0;
		};
		D72D08F324DA3D0F0031D256 /* Frameworks */ = {
			isa = PBXFrameworksBuildPhase;
			buildActionMask = 2147483647;
			files = (
				1EA7DE2090EA1ABC4ED8BD3E /* Pods_DemoGCD_DemoGCDUITests.framework in Frameworks */,
			);
			runOnlyForDeploymentPostprocessing = 0;
		};
/* End PBXFrameworksBuildPhase section */

/* Begin PBXGroup section */
		8595E1DABA73943A815A984B /* Pods */ = {
			isa = PBXGroup;
			children = (
				19B953C4AA4E366A84254263 /* Pods-DemoGCD.debug.xcconfig */,
				DA6B3B16AF778420C4AE8B3B /* Pods-DemoGCD.release.xcconfig */,
				AE27D081BC2F8D135B232851 /* Pods-DemoGCD-DemoGCDTests.debug.xcconfig */,
				6969F96E4AAFD8331011F96A /* Pods-DemoGCD-DemoGCDTests.release.xcconfig */,
				00C57F27DB00385E95E29961 /* Pods-DemoGCD-DemoGCDUITests.debug.xcconfig */,
				FD2922E844581756A481C453 /* Pods-DemoGCD-DemoGCDUITests.release.xcconfig */,
			);
			path = Pods;
			sourceTree = "<group>";
		};
		9E8731D707F6B5970D33EAD9 /* Frameworks */ = {
			isa = PBXGroup;
			children = (
				198C84E37CA75583B9E34716 /* Pods_DemoGCD.framework */,
				089B7FE2569DFD696349335A /* Pods_DemoGCD_DemoGCDTests.framework */,
				6F1183CB6709B0EE0DB72169 /* Pods_DemoGCD_DemoGCDUITests.framework */,
			);
			name = Frameworks;
			sourceTree = "<group>";
		};
		D72D08CC24DA3D0C0031D256 = {
			isa = PBXGroup;
			children = (
				D72D08D724DA3D0C0031D256 /* DemoGCD */,
				D72D08EE24DA3D0F0031D256 /* DemoGCDTests */,
				D72D08F924DA3D0F0031D256 /* DemoGCDUITests */,
				D72D08D624DA3D0C0031D256 /* Products */,
				8595E1DABA73943A815A984B /* Pods */,
				9E8731D707F6B5970D33EAD9 /* Frameworks */,
			);
			sourceTree = "<group>";
		};
		D72D08D624DA3D0C0031D256 /* Products */ = {
			isa = PBXGroup;
			children = (
				D72D08D524DA3D0C0031D256 /* DemoGCD.app */,
				D72D08EB24DA3D0F0031D256 /* DemoGCDTests.xctest */,
				D72D08F624DA3D0F0031D256 /* DemoGCDUITests.xctest */,
			);
			name = Products;
			sourceTree = "<group>";
		};
		D72D08D724DA3D0C0031D256 /* DemoGCD */ = {
			isa = PBXGroup;
			children = (
				D72D08D824DA3D0C0031D256 /* AppDelegate.swift */,
				D72D08DA24DA3D0C0031D256 /* SceneDelegate.swift */,
				D7B141E024E0EF680012D5DC /* MusicVC */,
				D74AC3CF24DCED8700978948 /* DownloadManager.swift */,
				D7B141D924E0D4EA0012D5DC /* Model */,
				D74AC3D124DCF33600978948 /* Item.swift */,
				D7B141E624E10A1E0012D5DC /* Extension */,
				D72D090824DA3F640031D256 /* Astar.swift */,
				D72D090A24DA3FA60031D256 /* PriorityQueue.swift */,
				D72D090C24DA4D380031D256 /* DownloadQueue.swift */,
				D74AC3D324DD4D8400978948 /* DispatchWorkItem+Extension.swift */,
				D72D08DE24DA3D0C0031D256 /* Main.storyboard */,
				D72D08E124DA3D0F0031D256 /* Assets.xcassets */,
				D72D08E324DA3D0F0031D256 /* LaunchScreen.storyboard */,
				D72D08E624DA3D0F0031D256 /* Info.plist */,
			);
			path = DemoGCD;
			sourceTree = "<group>";
		};
		D72D08EE24DA3D0F0031D256 /* DemoGCDTests */ = {
			isa = PBXGroup;
			children = (
				D72D08EF24DA3D0F0031D256 /* DemoGCDTests.swift */,
				D72D08F124DA3D0F0031D256 /* Info.plist */,
			);
			path = DemoGCDTests;
			sourceTree = "<group>";
		};
		D72D08F924DA3D0F0031D256 /* DemoGCDUITests */ = {
			isa = PBXGroup;
			children = (
				D72D08FA24DA3D0F0031D256 /* DemoGCDUITests.swift */,
				D72D08FC24DA3D0F0031D256 /* Info.plist */,
			);
			path = DemoGCDUITests;
			sourceTree = "<group>";
		};
		D7B141D924E0D4EA0012D5DC /* Model */ = {
			isa = PBXGroup;
			children = (
				D7B141DA24E0D4F10012D5DC /* Headers.swift */,
				D7B141DB24E0D4F10012D5DC /* MusicResponse.swift */,
				D7B141DC24E0D4F10012D5DC /* Music.swift */,
			);
			path = Model;
			sourceTree = "<group>";
		};
		D7B141E024E0EF680012D5DC /* MusicVC */ = {
			isa = PBXGroup;
			children = (
				D72D08DC24DA3D0C0031D256 /* ViewController.swift */,
				D7B141E324E0F01C0012D5DC /* MusicViewModel.swift */,
				D7B141E124E0EF7F0012D5DC /* MusicCell.swift */,
			);
			name = MusicVC;
			sourceTree = "<group>";
		};
		D7B141E624E10A1E0012D5DC /* Extension */ = {
			isa = PBXGroup;
			children = (
				D7B141E724E10A3D0012D5DC /* Extension+FileManager.swift */,
			);
			path = Extension;
			sourceTree = "<group>";
		};
/* End PBXGroup section */

/* Begin PBXNativeTarget section */
		D72D08D424DA3D0C0031D256 /* DemoGCD */ = {
			isa = PBXNativeTarget;
			buildConfigurationList = D72D08FF24DA3D0F0031D256 /* Build configuration list for PBXNativeTarget "DemoGCD" */;
			buildPhases = (
				2794BF728B48B1EA723ACF2B /* [CP] Check Pods Manifest.lock */,
				D72D08D124DA3D0C0031D256 /* Sources */,
				D72D08D224DA3D0C0031D256 /* Frameworks */,
				D72D08D324DA3D0C0031D256 /* Resources */,
				71251EB628F2B6F7D363449E /* [CP] Embed Pods Frameworks */,
			);
			buildRules = (
			);
			dependencies = (
			);
			name = DemoGCD;
			productName = DemoGCD;
			productReference = D72D08D524DA3D0C0031D256 /* DemoGCD.app */;
			productType = "com.apple.product-type.application";
		};
		D72D08EA24DA3D0F0031D256 /* DemoGCDTests */ = {
			isa = PBXNativeTarget;
			buildConfigurationList = D72D090224DA3D0F0031D256 /* Build configuration list for PBXNativeTarget "DemoGCDTests" */;
			buildPhases = (
				E9FB3FE54B7C01608A9DF625 /* [CP] Check Pods Manifest.lock */,
				D72D08E724DA3D0F0031D256 /* Sources */,
				D72D08E824DA3D0F0031D256 /* Frameworks */,
				D72D08E924DA3D0F0031D256 /* Resources */,
				17FCD1AE2D43B5C04178E32C /* [CP] Embed Pods Frameworks */,
			);
			buildRules = (
			);
			dependencies = (
				D72D08ED24DA3D0F0031D256 /* PBXTargetDependency */,
			);
			name = DemoGCDTests;
			productName = DemoGCDTests;
			productReference = D72D08EB24DA3D0F0031D256 /* DemoGCDTests.xctest */;
			productType = "com.apple.product-type.bundle.unit-test";
		};
		D72D08F524DA3D0F0031D256 /* DemoGCDUITests */ = {
			isa = PBXNativeTarget;
			buildConfigurationList = D72D090524DA3D0F0031D256 /* Build configuration list for PBXNativeTarget "DemoGCDUITests" */;
			buildPhases = (
				65CB5F03097A1049EE72B253 /* [CP] Check Pods Manifest.lock */,
				D72D08F224DA3D0F0031D256 /* Sources */,
				D72D08F324DA3D0F0031D256 /* Frameworks */,
				D72D08F424DA3D0F0031D256 /* Resources */,
				5DA0CD5D459FC03F4F9475FA /* [CP] Embed Pods Frameworks */,
			);
			buildRules = (
			);
			dependencies = (
				D72D08F824DA3D0F0031D256 /* PBXTargetDependency */,
			);
			name = DemoGCDUITests;
			productName = DemoGCDUITests;
			productReference = D72D08F624DA3D0F0031D256 /* DemoGCDUITests.xctest */;
			productType = "com.apple.product-type.bundle.ui-testing";
		};
/* End PBXNativeTarget section */

/* Begin PBXProject section */
		D72D08CD24DA3D0C0031D256 /* Project object */ = {
			isa = PBXProject;
			attributes = {
				LastSwiftUpdateCheck = 1160;
				LastUpgradeCheck = 1160;
				ORGANIZATIONNAME = "Le Toan";
				TargetAttributes = {
					D72D08D424DA3D0C0031D256 = {
						CreatedOnToolsVersion = 11.6;
					};
					D72D08EA24DA3D0F0031D256 = {
						CreatedOnToolsVersion = 11.6;
						TestTargetID = D72D08D424DA3D0C0031D256;
					};
					D72D08F524DA3D0F0031D256 = {
						CreatedOnToolsVersion = 11.6;
						TestTargetID = D72D08D424DA3D0C0031D256;
					};
				};
			};
			buildConfigurationList = D72D08D024DA3D0C0031D256 /* Build configuration list for PBXProject "DemoGCD" */;
			compatibilityVersion = "Xcode 9.3";
			developmentRegion = en;
			hasScannedForEncodings = 0;
			knownRegions = (
				en,
				Base,
			);
			mainGroup = D72D08CC24DA3D0C0031D256;
			productRefGroup = D72D08D624DA3D0C0031D256 /* Products */;
			projectDirPath = "";
			projectRoot = "";
			targets = (
				D72D08D424DA3D0C0031D256 /* DemoGCD */,
				D72D08EA24DA3D0F0031D256 /* DemoGCDTests */,
				D72D08F524DA3D0F0031D256 /* DemoGCDUITests */,
			);
		};
/* End PBXProject section */

/* Begin PBXResourcesBuildPhase section */
		D72D08D324DA3D0C0031D256 /* Resources */ = {
			isa = PBXResourcesBuildPhase;
			buildActionMask = 2147483647;
			files = (
				D72D08E524DA3D0F0031D256 /* LaunchScreen.storyboard in Resources */,
				D72D08E224DA3D0F0031D256 /* Assets.xcassets in Resources */,
				D72D08E024DA3D0C0031D256 /* Main.storyboard in Resources */,
			);
			runOnlyForDeploymentPostprocessing = 0;
		};
		D72D08E924DA3D0F0031D256 /* Resources */ = {
			isa = PBXResourcesBuildPhase;
			buildActionMask = 2147483647;
			files = (
			);
			runOnlyForDeploymentPostprocessing = 0;
		};
		D72D08F424DA3D0F0031D256 /* Resources */ = {
			isa = PBXResourcesBuildPhase;
			buildActionMask = 2147483647;
			files = (
			);
			runOnlyForDeploymentPostprocessing = 0;
		};
/* End PBXResourcesBuildPhase section */

/* Begin PBXShellScriptBuildPhase section */
		17FCD1AE2D43B5C04178E32C /* [CP] Embed Pods Frameworks */ = {
			isa = PBXShellScriptBuildPhase;
			buildActionMask = 2147483647;
			files = (
			);
			inputFileListPaths = (
				"${PODS_ROOT}/Target Support Files/Pods-DemoGCD-DemoGCDTests/Pods-DemoGCD-DemoGCDTests-frameworks-${CONFIGURATION}-input-files.xcfilelist",
			);
			name = "[CP] Embed Pods Frameworks";
			outputFileListPaths = (
				"${PODS_ROOT}/Target Support Files/Pods-DemoGCD-DemoGCDTests/Pods-DemoGCD-DemoGCDTests-frameworks-${CONFIGURATION}-output-files.xcfilelist",
			);
			runOnlyForDeploymentPostprocessing = 0;
			shellPath = /bin/sh;
			shellScript = "\"${PODS_ROOT}/Target Support Files/Pods-DemoGCD-DemoGCDTests/Pods-DemoGCD-DemoGCDTests-frameworks.sh\"\n";
			showEnvVarsInLog = 0;
		};
		2794BF728B48B1EA723ACF2B /* [CP] Check Pods Manifest.lock */ = {
			isa = PBXShellScriptBuildPhase;
			buildActionMask = 2147483647;
			files = (
			);
			inputFileListPaths = (
			);
			inputPaths = (
				"${PODS_PODFILE_DIR_PATH}/Podfile.lock",
				"${PODS_ROOT}/Manifest.lock",
			);
			name = "[CP] Check Pods Manifest.lock";
			outputFileListPaths = (
			);
			outputPaths = (
				"$(DERIVED_FILE_DIR)/Pods-DemoGCD-checkManifestLockResult.txt",
			);
			runOnlyForDeploymentPostprocessing = 0;
			shellPath = /bin/sh;
			shellScript = "diff \"${PODS_PODFILE_DIR_PATH}/Podfile.lock\" \"${PODS_ROOT}/Manifest.lock\" > /dev/null\nif [ $? != 0 ] ; then\n    # print error to STDERR\n    echo \"error: The sandbox is not in sync with the Podfile.lock. Run 'pod install' or update your CocoaPods installation.\" >&2\n    exit 1\nfi\n# This output is used by Xcode 'outputs' to avoid re-running this script phase.\necho \"SUCCESS\" > \"${SCRIPT_OUTPUT_FILE_0}\"\n";
			showEnvVarsInLog = 0;
		};
		5DA0CD5D459FC03F4F9475FA /* [CP] Embed Pods Frameworks */ = {
			isa = PBXShellScriptBuildPhase;
			buildActionMask = 2147483647;
			files = (
			);
			inputFileListPaths = (
				"${PODS_ROOT}/Target Support Files/Pods-DemoGCD-DemoGCDUITests/Pods-DemoGCD-DemoGCDUITests-frameworks-${CONFIGURATION}-input-files.xcfilelist",
			);
			name = "[CP] Embed Pods Frameworks";
			outputFileListPaths = (
				"${PODS_ROOT}/Target Support Files/Pods-DemoGCD-DemoGCDUITests/Pods-DemoGCD-DemoGCDUITests-frameworks-${CONFIGURATION}-output-files.xcfilelist",
			);
			runOnlyForDeploymentPostprocessing = 0;
			shellPath = /bin/sh;
			shellScript = "\"${PODS_ROOT}/Target Support Files/Pods-DemoGCD-DemoGCDUITests/Pods-DemoGCD-DemoGCDUITests-frameworks.sh\"\n";
			showEnvVarsInLog = 0;
		};
		65CB5F03097A1049EE72B253 /* [CP] Check Pods Manifest.lock */ = {
			isa = PBXShellScriptBuildPhase;
			buildActionMask = 2147483647;
			files = (
			);
			inputFileListPaths = (
			);
			inputPaths = (
				"${PODS_PODFILE_DIR_PATH}/Podfile.lock",
				"${PODS_ROOT}/Manifest.lock",
			);
			name = "[CP] Check Pods Manifest.lock";
			outputFileListPaths = (
			);
			outputPaths = (
				"$(DERIVED_FILE_DIR)/Pods-DemoGCD-DemoGCDUITests-checkManifestLockResult.txt",
			);
			runOnlyForDeploymentPostprocessing = 0;
			shellPath = /bin/sh;
			shellScript = "diff \"${PODS_PODFILE_DIR_PATH}/Podfile.lock\" \"${PODS_ROOT}/Manifest.lock\" > /dev/null\nif [ $? != 0 ] ; then\n    # print error to STDERR\n    echo \"error: The sandbox is not in sync with the Podfile.lock. Run 'pod install' or update your CocoaPods installation.\" >&2\n    exit 1\nfi\n# This output is used by Xcode 'outputs' to avoid re-running this script phase.\necho \"SUCCESS\" > \"${SCRIPT_OUTPUT_FILE_0}\"\n";
			showEnvVarsInLog = 0;
		};
		71251EB628F2B6F7D363449E /* [CP] Embed Pods Frameworks */ = {
			isa = PBXShellScriptBuildPhase;
			buildActionMask = 2147483647;
			files = (
			);
			inputFileListPaths = (
				"${PODS_ROOT}/Target Support Files/Pods-DemoGCD/Pods-DemoGCD-frameworks-${CONFIGURATION}-input-files.xcfilelist",
			);
			name = "[CP] Embed Pods Frameworks";
			outputFileListPaths = (
				"${PODS_ROOT}/Target Support Files/Pods-DemoGCD/Pods-DemoGCD-frameworks-${CONFIGURATION}-output-files.xcfilelist",
			);
			runOnlyForDeploymentPostprocessing = 0;
			shellPath = /bin/sh;
			shellScript = "\"${PODS_ROOT}/Target Support Files/Pods-DemoGCD/Pods-DemoGCD-frameworks.sh\"\n";
			showEnvVarsInLog = 0;
		};
		E9FB3FE54B7C01608A9DF625 /* [CP] Check Pods Manifest.lock */ = {
			isa = PBXShellScriptBuildPhase;
			buildActionMask = 2147483647;
			files = (
			);
			inputFileListPaths = (
			);
			inputPaths = (
				"${PODS_PODFILE_DIR_PATH}/Podfile.lock",
				"${PODS_ROOT}/Manifest.lock",
			);
			name = "[CP] Check Pods Manifest.lock";
			outputFileListPaths = (
			);
			outputPaths = (
				"$(DERIVED_FILE_DIR)/Pods-DemoGCD-DemoGCDTests-checkManifestLockResult.txt",
			);
			runOnlyForDeploymentPostprocessing = 0;
			shellPath = /bin/sh;
			shellScript = "diff \"${PODS_PODFILE_DIR_PATH}/Podfile.lock\" \"${PODS_ROOT}/Manifest.lock\" > /dev/null\nif [ $? != 0 ] ; then\n    # print error to STDERR\n    echo \"error: The sandbox is not in sync with the Podfile.lock. Run 'pod install' or update your CocoaPods installation.\" >&2\n    exit 1\nfi\n# This output is used by Xcode 'outputs' to avoid re-running this script phase.\necho \"SUCCESS\" > \"${SCRIPT_OUTPUT_FILE_0}\"\n";
			showEnvVarsInLog = 0;
		};
/* End PBXShellScriptBuildPhase section */

/* Begin PBXSourcesBuildPhase section */
		D72D08D124DA3D0C0031D256 /* Sources */ = {
			isa = PBXSourcesBuildPhase;
			buildActionMask = 2147483647;
			files = (
				D7B141DD24E0D4F10012D5DC /* Headers.swift in Sources */,
				D7B141E224E0EF7F0012D5DC /* MusicCell.swift in Sources */,
				D7B141E424E0F01C0012D5DC /* MusicViewModel.swift in Sources */,
				D7B141E824E10A3D0012D5DC /* Extension+FileManager.swift in Sources */,
				D72D08DD24DA3D0C0031D256 /* ViewController.swift in Sources */,
				D72D090924DA3F640031D256 /* Astar.swift in Sources */,
				D72D090B24DA3FA60031D256 /* PriorityQueue.swift in Sources */,
				D7B141DE24E0D4F10012D5DC /* MusicResponse.swift in Sources */,
				D72D090D24DA4D380031D256 /* DownloadQueue.swift in Sources */,
				D7B141DF24E0D4F10012D5DC /* Music.swift in Sources */,
				D74AC3D424DD4D8400978948 /* DispatchWorkItem+Extension.swift in Sources */,
				D74AC3D224DCF33600978948 /* Item.swift in Sources */,
				D72D08D924DA3D0C0031D256 /* AppDelegate.swift in Sources */,
				D72D08DB24DA3D0C0031D256 /* SceneDelegate.swift in Sources */,
				D74AC3D024DCED8700978948 /* DownloadManager.swift in Sources */,
			);
			runOnlyForDeploymentPostprocessing = 0;
		};
		D72D08E724DA3D0F0031D256 /* Sources */ = {
			isa = PBXSourcesBuildPhase;
			buildActionMask = 2147483647;
			files = (
				D72D08F024DA3D0F0031D256 /* DemoGCDTests.swift in Sources */,
			);
			runOnlyForDeploymentPostprocessing = 0;
		};
		D72D08F224DA3D0F0031D256 /* Sources */ = {
			isa = PBXSourcesBuildPhase;
			buildActionMask = 2147483647;
			files = (
				D72D08FB24DA3D0F0031D256 /* DemoGCDUITests.swift in Sources */,
			);
			runOnlyForDeploymentPostprocessing = 0;
		};
/* End PBXSourcesBuildPhase section */

/* Begin PBXTargetDependency section */
		D72D08ED24DA3D0F0031D256 /* PBXTargetDependency */ = {
			isa = PBXTargetDependency;
			target = D72D08D424DA3D0C0031D256 /* DemoGCD */;
			targetProxy = D72D08EC24DA3D0F0031D256 /* PBXContainerItemProxy */;
		};
		D72D08F824DA3D0F0031D256 /* PBXTargetDependency */ = {
			isa = PBXTargetDependency;
			target = D72D08D424DA3D0C0031D256 /* DemoGCD */;
			targetProxy = D72D08F724DA3D0F0031D256 /* PBXContainerItemProxy */;
		};
/* End PBXTargetDependency section */

/* Begin PBXVariantGroup section */
		D72D08DE24DA3D0C0031D256 /* Main.storyboard */ = {
			isa = PBXVariantGroup;
			children = (
				D72D08DF24DA3D0C0031D256 /* Base */,
			);
			name = Main.storyboard;
			sourceTree = "<group>";
		};
		D72D08E324DA3D0F0031D256 /* LaunchScreen.storyboard */ = {
			isa = PBXVariantGroup;
			children = (
				D72D08E424DA3D0F0031D256 /* Base */,
			);
			name = LaunchScreen.storyboard;
			sourceTree = "<group>";
		};
/* End PBXVariantGroup section */

/* Begin XCBuildConfiguration section */
		D72D08FD24DA3D0F0031D256 /* Debug */ = {
			isa = XCBuildConfiguration;
			buildSettings = {
				ALWAYS_SEARCH_USER_PATHS = NO;
				CLANG_ANALYZER_NONNULL = YES;
				CLANG_ANALYZER_NUMBER_OBJECT_CONVERSION = YES_AGGRESSIVE;
				CLANG_CXX_LANGUAGE_STANDARD = "gnu++14";
				CLANG_CXX_LIBRARY = "libc++";
				CLANG_ENABLE_MODULES = YES;
				CLANG_ENABLE_OBJC_ARC = YES;
				CLANG_ENABLE_OBJC_WEAK = YES;
				CLANG_WARN_BLOCK_CAPTURE_AUTORELEASING = YES;
				CLANG_WARN_BOOL_CONVERSION = YES;
				CLANG_WARN_COMMA = YES;
				CLANG_WARN_CONSTANT_CONVERSION = YES;
				CLANG_WARN_DEPRECATED_OBJC_IMPLEMENTATIONS = YES;
				CLANG_WARN_DIRECT_OBJC_ISA_USAGE = YES_ERROR;
				CLANG_WARN_DOCUMENTATION_COMMENTS = YES;
				CLANG_WARN_EMPTY_BODY = YES;
				CLANG_WARN_ENUM_CONVERSION = YES;
				CLANG_WARN_INFINITE_RECURSION = YES;
				CLANG_WARN_INT_CONVERSION = YES;
				CLANG_WARN_NON_LITERAL_NULL_CONVERSION = YES;
				CLANG_WARN_OBJC_IMPLICIT_RETAIN_SELF = YES;
				CLANG_WARN_OBJC_LITERAL_CONVERSION = YES;
				CLANG_WARN_OBJC_ROOT_CLASS = YES_ERROR;
				CLANG_WARN_RANGE_LOOP_ANALYSIS = YES;
				CLANG_WARN_STRICT_PROTOTYPES = YES;
				CLANG_WARN_SUSPICIOUS_MOVE = YES;
				CLANG_WARN_UNGUARDED_AVAILABILITY = YES_AGGRESSIVE;
				CLANG_WARN_UNREACHABLE_CODE = YES;
				CLANG_WARN__DUPLICATE_METHOD_MATCH = YES;
				COPY_PHASE_STRIP = NO;
				DEBUG_INFORMATION_FORMAT = dwarf;
				ENABLE_STRICT_OBJC_MSGSEND = YES;
				ENABLE_TESTABILITY = YES;
				GCC_C_LANGUAGE_STANDARD = gnu11;
				GCC_DYNAMIC_NO_PIC = NO;
				GCC_NO_COMMON_BLOCKS = YES;
				GCC_OPTIMIZATION_LEVEL = 0;
				GCC_PREPROCESSOR_DEFINITIONS = (
					"DEBUG=1",
					"$(inherited)",
				);
				GCC_WARN_64_TO_32_BIT_CONVERSION = YES;
				GCC_WARN_ABOUT_RETURN_TYPE = YES_ERROR;
				GCC_WARN_UNDECLARED_SELECTOR = YES;
				GCC_WARN_UNINITIALIZED_AUTOS = YES_AGGRESSIVE;
				GCC_WARN_UNUSED_FUNCTION = YES;
				GCC_WARN_UNUSED_VARIABLE = YES;
				IPHONEOS_DEPLOYMENT_TARGET = 13.6;
				MTL_ENABLE_DEBUG_INFO = INCLUDE_SOURCE;
				MTL_FAST_MATH = YES;
				ONLY_ACTIVE_ARCH = YES;
				SDKROOT = iphoneos;
				SWIFT_ACTIVE_COMPILATION_CONDITIONS = DEBUG;
				SWIFT_OPTIMIZATION_LEVEL = "-Onone";
			};
			name = Debug;
		};
		D72D08FE24DA3D0F0031D256 /* Release */ = {
			isa = XCBuildConfiguration;
			buildSettings = {
				ALWAYS_SEARCH_USER_PATHS = NO;
				CLANG_ANALYZER_NONNULL = YES;
				CLANG_ANALYZER_NUMBER_OBJECT_CONVERSION = YES_AGGRESSIVE;
				CLANG_CXX_LANGUAGE_STANDARD = "gnu++14";
				CLANG_CXX_LIBRARY = "libc++";
				CLANG_ENABLE_MODULES = YES;
				CLANG_ENABLE_OBJC_ARC = YES;
				CLANG_ENABLE_OBJC_WEAK = YES;
				CLANG_WARN_BLOCK_CAPTURE_AUTORELEASING = YES;
				CLANG_WARN_BOOL_CONVERSION = YES;
				CLANG_WARN_COMMA = YES;
				CLANG_WARN_CONSTANT_CONVERSION = YES;
				CLANG_WARN_DEPRECATED_OBJC_IMPLEMENTATIONS = YES;
				CLANG_WARN_DIRECT_OBJC_ISA_USAGE = YES_ERROR;
				CLANG_WARN_DOCUMENTATION_COMMENTS = YES;
				CLANG_WARN_EMPTY_BODY = YES;
				CLANG_WARN_ENUM_CONVERSION = YES;
				CLANG_WARN_INFINITE_RECURSION = YES;
				CLANG_WARN_INT_CONVERSION = YES;
				CLANG_WARN_NON_LITERAL_NULL_CONVERSION = YES;
				CLANG_WARN_OBJC_IMPLICIT_RETAIN_SELF = YES;
				CLANG_WARN_OBJC_LITERAL_CONVERSION = YES;
				CLANG_WARN_OBJC_ROOT_CLASS = YES_ERROR;
				CLANG_WARN_RANGE_LOOP_ANALYSIS = YES;
				CLANG_WARN_STRICT_PROTOTYPES = YES;
				CLANG_WARN_SUSPICIOUS_MOVE = YES;
				CLANG_WARN_UNGUARDED_AVAILABILITY = YES_AGGRESSIVE;
				CLANG_WARN_UNREACHABLE_CODE = YES;
				CLANG_WARN__DUPLICATE_METHOD_MATCH = YES;
				COPY_PHASE_STRIP = NO;
				DEBUG_INFORMATION_FORMAT = "dwarf-with-dsym";
				ENABLE_NS_ASSERTIONS = NO;
				ENABLE_STRICT_OBJC_MSGSEND = YES;
				GCC_C_LANGUAGE_STANDARD = gnu11;
				GCC_NO_COMMON_BLOCKS = YES;
				GCC_WARN_64_TO_32_BIT_CONVERSION = YES;
				GCC_WARN_ABOUT_RETURN_TYPE = YES_ERROR;
				GCC_WARN_UNDECLARED_SELECTOR = YES;
				GCC_WARN_UNINITIALIZED_AUTOS = YES_AGGRESSIVE;
				GCC_WARN_UNUSED_FUNCTION = YES;
				GCC_WARN_UNUSED_VARIABLE = YES;
				IPHONEOS_DEPLOYMENT_TARGET = 13.6;
				MTL_ENABLE_DEBUG_INFO = NO;
				MTL_FAST_MATH = YES;
				SDKROOT = iphoneos;
				SWIFT_COMPILATION_MODE = wholemodule;
				SWIFT_OPTIMIZATION_LEVEL = "-O";
				VALIDATE_PRODUCT = YES;
			};
			name = Release;
		};
		D72D090024DA3D0F0031D256 /* Debug */ = {
			isa = XCBuildConfiguration;
			baseConfigurationReference = 19B953C4AA4E366A84254263 /* Pods-DemoGCD.debug.xcconfig */;
			buildSettings = {
				ASSETCATALOG_COMPILER_APPICON_NAME = AppIcon;
				CODE_SIGN_STYLE = Automatic;
				INFOPLIST_FILE = DemoGCD/Info.plist;
				LD_RUNPATH_SEARCH_PATHS = (
					"$(inherited)",
					"@executable_path/Frameworks",
				);
				PRODUCT_BUNDLE_IDENTIFIER = com.letoan.DemoGCD;
				PRODUCT_NAME = "$(TARGET_NAME)";
				SWIFT_VERSION = 5.0;
				TARGETED_DEVICE_FAMILY = "1,2";
			};
			name = Debug;
		};
		D72D090124DA3D0F0031D256 /* Release */ = {
			isa = XCBuildConfiguration;
			baseConfigurationReference = DA6B3B16AF778420C4AE8B3B /* Pods-DemoGCD.release.xcconfig */;
			buildSettings = {
				ASSETCATALOG_COMPILER_APPICON_NAME = AppIcon;
				CODE_SIGN_STYLE = Automatic;
				INFOPLIST_FILE = DemoGCD/Info.plist;
				LD_RUNPATH_SEARCH_PATHS = (
					"$(inherited)",
					"@executable_path/Frameworks",
				);
				PRODUCT_BUNDLE_IDENTIFIER = com.letoan.DemoGCD;
				PRODUCT_NAME = "$(TARGET_NAME)";
				SWIFT_VERSION = 5.0;
				TARGETED_DEVICE_FAMILY = "1,2";
			};
			name = Release;
		};
		D72D090324DA3D0F0031D256 /* Debug */ = {
			isa = XCBuildConfiguration;
			baseConfigurationReference = AE27D081BC2F8D135B232851 /* Pods-DemoGCD-DemoGCDTests.debug.xcconfig */;
			buildSettings = {
				ALWAYS_EMBED_SWIFT_STANDARD_LIBRARIES = YES;
				BUNDLE_LOADER = "$(TEST_HOST)";
				CODE_SIGN_STYLE = Automatic;
				INFOPLIST_FILE = DemoGCDTests/Info.plist;
				IPHONEOS_DEPLOYMENT_TARGET = 13.6;
				LD_RUNPATH_SEARCH_PATHS = (
					"$(inherited)",
					"@executable_path/Frameworks",
					"@loader_path/Frameworks",
				);
				PRODUCT_BUNDLE_IDENTIFIER = com.letoan.DemoGCDTests;
				PRODUCT_NAME = "$(TARGET_NAME)";
				SWIFT_VERSION = 5.0;
				TARGETED_DEVICE_FAMILY = "1,2";
				TEST_HOST = "$(BUILT_PRODUCTS_DIR)/DemoGCD.app/DemoGCD";
			};
			name = Debug;
		};
		D72D090424DA3D0F0031D256 /* Release */ = {
			isa = XCBuildConfiguration;
			baseConfigurationReference = 6969F96E4AAFD8331011F96A /* Pods-DemoGCD-DemoGCDTests.release.xcconfig */;
			buildSettings = {
				ALWAYS_EMBED_SWIFT_STANDARD_LIBRARIES = YES;
				BUNDLE_LOADER = "$(TEST_HOST)";
				CODE_SIGN_STYLE = Automatic;
				INFOPLIST_FILE = DemoGCDTests/Info.plist;
				IPHONEOS_DEPLOYMENT_TARGET = 13.6;
				LD_RUNPATH_SEARCH_PATHS = (
					"$(inherited)",
					"@executable_path/Frameworks",
					"@loader_path/Frameworks",
				);
				PRODUCT_BUNDLE_IDENTIFIER = com.letoan.DemoGCDTests;
				PRODUCT_NAME = "$(TARGET_NAME)";
				SWIFT_VERSION = 5.0;
				TARGETED_DEVICE_FAMILY = "1,2";
				TEST_HOST = "$(BUILT_PRODUCTS_DIR)/DemoGCD.app/DemoGCD";
			};
			name = Release;
		};
		D72D090624DA3D0F0031D256 /* Debug */ = {
			isa = XCBuildConfiguration;
			baseConfigurationReference = 00C57F27DB00385E95E29961 /* Pods-DemoGCD-DemoGCDUITests.debug.xcconfig */;
			buildSettings = {
				ALWAYS_EMBED_SWIFT_STANDARD_LIBRARIES = YES;
				CODE_SIGN_STYLE = Automatic;
				INFOPLIST_FILE = DemoGCDUITests/Info.plist;
				LD_RUNPATH_SEARCH_PATHS = (
					"$(inherited)",
					"@executable_path/Frameworks",
					"@loader_path/Frameworks",
				);
				PRODUCT_BUNDLE_IDENTIFIER = com.letoan.DemoGCDUITests;
				PRODUCT_NAME = "$(TARGET_NAME)";
				SWIFT_VERSION = 5.0;
				TARGETED_DEVICE_FAMILY = "1,2";
				TEST_TARGET_NAME = DemoGCD;
			};
			name = Debug;
		};
		D72D090724DA3D0F0031D256 /* Release */ = {
			isa = XCBuildConfiguration;
			baseConfigurationReference = FD2922E844581756A481C453 /* Pods-DemoGCD-DemoGCDUITests.release.xcconfig */;
			buildSettings = {
				ALWAYS_EMBED_SWIFT_STANDARD_LIBRARIES = YES;
				CODE_SIGN_STYLE = Automatic;
				INFOPLIST_FILE = DemoGCDUITests/Info.plist;
				LD_RUNPATH_SEARCH_PATHS = (
					"$(inherited)",
					"@executable_path/Frameworks",
					"@loader_path/Frameworks",
				);
				PRODUCT_BUNDLE_IDENTIFIER = com.letoan.DemoGCDUITests;
				PRODUCT_NAME = "$(TARGET_NAME)";
				SWIFT_VERSION = 5.0;
				TARGETED_DEVICE_FAMILY = "1,2";
				TEST_TARGET_NAME = DemoGCD;
			};
			name = Release;
		};
/* End XCBuildConfiguration section */

/* Begin XCConfigurationList section */
		D72D08D024DA3D0C0031D256 /* Build configuration list for PBXProject "DemoGCD" */ = {
			isa = XCConfigurationList;
			buildConfigurations = (
				D72D08FD24DA3D0F0031D256 /* Debug */,
				D72D08FE24DA3D0F0031D256 /* Release */,
			);
			defaultConfigurationIsVisible = 0;
			defaultConfigurationName = Release;
		};
		D72D08FF24DA3D0F0031D256 /* Build configuration list for PBXNativeTarget "DemoGCD" */ = {
			isa = XCConfigurationList;
			buildConfigurations = (
				D72D090024DA3D0F0031D256 /* Debug */,
				D72D090124DA3D0F0031D256 /* Release */,
			);
			defaultConfigurationIsVisible = 0;
			defaultConfigurationName = Release;
		};
		D72D090224DA3D0F0031D256 /* Build configuration list for PBXNativeTarget "DemoGCDTests" */ = {
			isa = XCConfigurationList;
			buildConfigurations = (
				D72D090324DA3D0F0031D256 /* Debug */,
				D72D090424DA3D0F0031D256 /* Release */,
			);
			defaultConfigurationIsVisible = 0;
			defaultConfigurationName = Release;
		};
		D72D090524DA3D0F0031D256 /* Build configuration list for PBXNativeTarget "DemoGCDUITests" */ = {
			isa = XCConfigurationList;
			buildConfigurations = (
				D72D090624DA3D0F0031D256 /* Debug */,
				D72D090724DA3D0F0031D256 /* Release */,
			);
			defaultConfigurationIsVisible = 0;
			defaultConfigurationName = Release;
		};
/* End XCConfigurationList section */
	};
	rootObject = D72D08CD24DA3D0C0031D256 /* Project object */;
}
